
Microsoft Visual Studio Solution File, Format Version 12.00
# Visual Studio 15
VisualStudioVersion = 15.0.28307.136
MinimumVisualStudioVersion = 10.0.40219.1
Project("{FAE04EC0-301F-11D3-BF4B-00C04F79EFBC}") = "HytaleBlogAlerter", "HytaleBlogAlerter\HytaleBlogAlerter.csproj", "{9BBE4B5F-3C40-494B-8099-B257908120A0}"
EndProject
Global
	GlobalSection(SolutionConfigurationPlatforms) = preSolution
		Debug|Any CPU = Debug|Any CPU
		Release|Any CPU = Release|Any CPU
	EndGlobalSection
	GlobalSection(ProjectConfigurationPlatforms) = postSolution
		{9BBE4B5F-3C40-494B-8099-B257908120A0}.Debug|Any CPU.ActiveCfg = Debug|Any CPU
		{9BBE4B5F-3C40-494B-8099-B257908120A0}.Debug|Any CPU.Build.0 = Debug|Any CPU
		{9BBE4B5F-3C40-494B-8099-B257908120A0}.Release|Any CPU.ActiveCfg = Release|Any CPU
		{9BBE4B5F-3C40-494B-8099-B257908120A0}.Release|Any CPU.Build.0 = Release|Any CPU
	EndGlobalSection
	GlobalSection(SolutionProperties) = preSolution
		HideSolutionNode = FALSE
	EndGlobalSection
	GlobalSection(ExtensibilityGlobals) = postSolution
		SolutionGuid = {55BEB41C-CCE1-4DEC-9E5B-5B3287533EB7}
	EndGlobalSection
EndGlobal
